<!--
SPDX-FileCopyrightText: 2026 smdn <smdn@smdn.jp>
SPDX-License-Identifier: MIT
-->
<Solution>
  <Folder Name="/src/">
    <Project Path="src/Smdn.Devices.MCP2221.GpioAdapter/Smdn.Devices.MCP2221.GpioAdapter.csproj" />
    <Project Path="src/Smdn.Devices.MCP2221/Smdn.Devices.MCP2221.csproj" />
  </Folder>
  <Folder Name="/tests/">
    <Project Path="tests/Smdn.Devices.MCP2221/Smdn.Devices.MCP2221.Tests.csproj" />
  </Folder>
</Solution>
