<!--
SPDX-FileCopyrightText: 2026 smdn <smdn@smdn.jp>
SPDX-License-Identifier: MIT
-->
<Solution>
  <Folder Name="/src/">
    <Project Path="src/Smdn.Devices.Mcp2221A/Smdn.Devices.Mcp2221A.csproj" />
  </Folder>
  <Folder Name="/tests/">
    <Project Path="tests/Smdn.Devices.Mcp2221A/Smdn.Devices.Mcp2221A.Tests.csproj" />
  </Folder>
</Solution>
